# This file is automatically @generated by Poetry 1.8.2 and should not be changed by hand.

[[package]]
name = "asgiref"
version = "3.8.1"
description = "ASGI specs, helper code, and adapters"
optional = false
python-versions = ">=3.8"
files = [
    {file = "asgiref-3.8.1-py3-none-any.whl", hash = "sha256:3e1e3ecc849832fe52ccf2cb6686b7a55f82bb1d6aee72a58826471390335e47"},
    {file = "asgiref-3.8.1.tar.gz", hash = "sha256:c343bd80a0bec947a9860adb4c432ffa7db769836c64238fc34bdc3fec84d590"},
]

[package.extras]
tests = ["mypy (>=0.800)", "pytest", "pytest-asyncio"]

[[package]]
name = "django"
version = "5.2.1"
description = "A high-level Python web framework that encourages rapid development and clean, pragmatic design."
optional = false
python-versions = ">=3.10"
files = [
    {file = "django-5.2.1-py3-none-any.whl", hash = "sha256:a9b680e84f9a0e71da83e399f1e922e1ab37b2173ced046b541c72e1589a5961"},
    {file = "django-5.2.1.tar.gz", hash = "sha256:57fe1f1b59462caed092c80b3dd324fd92161b620d59a9ba9181c34746c97284"},
]

[package.dependencies]
asgiref = ">=3.8.1"
sqlparse = ">=0.3.1"
tzdata = {version = "*", markers = "sys_platform == \"win32\""}

[package.extras]
argon2 = ["argon2-cffi (>=19.1.0)"]
bcrypt = ["bcrypt"]

[[package]]
name = "django-health-check"
version = "3.18.3"
description = "Run checks on services like databases, queue servers, celery processes, etc."
optional = false
python-versions = ">=3.8"
files = [
    {file = "django_health_check-3.18.3-py2.py3-none-any.whl", hash = "sha256:f5f58762b80bdf7b12fad724761993d6e83540f97e2c95c42978f187e452fa07"},
    {file = "django_health_check-3.18.3.tar.gz", hash = "sha256:18b75daca4551c69a43f804f9e41e23f5f5fb9efd06cf6a313b3d5031bb87bd0"},
]

[package.dependencies]
django = ">=2.2"

[package.extras]
docs = ["sphinx"]
test = ["boto3", "celery", "django-storages", "pytest", "pytest-cov", "pytest-django", "redis"]

[[package]]
name = "django-redis"
version = "5.4.0"
description = "Full featured redis cache backend for Django."
optional = false
python-versions = ">=3.6"
files = [
    {file = "django-redis-5.4.0.tar.gz", hash = "sha256:6a02abaa34b0fea8bf9b707d2c363ab6adc7409950b2db93602e6cb292818c42"},
    {file = "django_redis-5.4.0-py3-none-any.whl", hash = "sha256:ebc88df7da810732e2af9987f7f426c96204bf89319df4c6da6ca9a2942edd5b"},
]

[package.dependencies]
Django = ">=3.2"
redis = ">=3,<4.0.0 || >4.0.0,<4.0.1 || >4.0.1"

[package.extras]
hiredis = ["redis[hiredis] (>=3,!=4.0.0,!=4.0.1)"]

[[package]]
name = "djangorestframework"
version = "3.16.0"
description = "Web APIs for Django, made easy."
optional = false
python-versions = ">=3.9"
files = [
    {file = "djangorestframework-3.16.0-py3-none-any.whl", hash = "sha256:bea7e9f6b96a8584c5224bfb2e4348dfb3f8b5e34edbecb98da258e892089361"},
    {file = "djangorestframework-3.16.0.tar.gz", hash = "sha256:f022ff46613584de994c0c6a4aebbace5fd700555fbe9d33b865ebf173eba6c9"},
]

[package.dependencies]
django = ">=4.2"

[[package]]
name = "environs"
version = "14.2.0"
description = "simplified environment variable parsing"
optional = false
python-versions = ">=3.9"
files = [
    {file = "environs-14.2.0-py3-none-any.whl", hash = "sha256:22669a58d53c5b86a25d0231c4a41a6ebeb82d3942b8fbd9cf645890c92a1843"},
    {file = "environs-14.2.0.tar.gz", hash = "sha256:2b6c78a77dfefb57ca30d43a232270ecc82adabf67ab318e018084b9a3529e9b"},
]

[package.dependencies]
marshmallow = ">=3.18.0"
python-dotenv = "*"

[package.extras]
dev = ["environs[tests]", "pre-commit (>=4.0,<5.0)", "tox"]
django = ["dj-database-url", "dj-email-url", "django-cache-url"]
tests = ["backports.strenum", "environs[django]", "packaging", "pytest"]

[[package]]
name = "marshmallow"
version = "4.0.0"
description = "A lightweight library for converting complex datatypes to and from native Python datatypes."
optional = false
python-versions = ">=3.9"
files = [
    {file = "marshmallow-4.0.0-py3-none-any.whl", hash = "sha256:e7b0528337e9990fd64950f8a6b3a1baabed09ad17a0dfb844d701151f92d203"},
    {file = "marshmallow-4.0.0.tar.gz", hash = "sha256:3b6e80aac299a7935cfb97ed01d1854fb90b5079430969af92118ea1b12a8d55"},
]

[package.extras]
dev = ["marshmallow[tests]", "pre-commit (>=3.5,<5.0)", "tox"]
docs = ["autodocsumm (==0.2.14)", "furo (==2024.8.6)", "sphinx (==8.2.3)", "sphinx-copybutton (==0.5.2)", "sphinx-issues (==5.0.1)", "sphinxext-opengraph (==0.10.0)"]
tests = ["pytest", "simplejson"]

[[package]]
name = "mod-wsgi"
version = "5.0.2"
description = "Installer for Apache/mod_wsgi."
optional = false
python-versions = ">=3.8"
files = [
    {file = "mod_wsgi-5.0.2.tar.gz", hash = "sha256:6fe5557c3ef25c184c2c994905fe52be1c06ae5c46235ecafe558e84789e2159"},
]

[[package]]
name = "psycopg"
version = "3.2.9"
description = "PostgreSQL database adapter for Python"
optional = false
python-versions = ">=3.8"
files = [
    {file = "psycopg-3.2.9-py3-none-any.whl", hash = "sha256:01a8dadccdaac2123c916208c96e06631641c0566b22005493f09663c7a8d3b6"},
    {file = "psycopg-3.2.9.tar.gz", hash = "sha256:2fbb46fcd17bc81f993f28c47f1ebea38d66ae97cc2dbc3cad73b37cefbff700"},
]

[package.dependencies]
psycopg-binary = {version = "3.2.9", optional = true, markers = "implementation_name != \"pypy\" and extra == \"binary\""}
typing-extensions = {version = ">=4.6", markers = "python_version < \"3.13\""}
tzdata = {version = "*", markers = "sys_platform == \"win32\""}

[package.extras]
binary = ["psycopg-binary (==3.2.9)"]
c = ["psycopg-c (==3.2.9)"]
dev = ["ast-comments (>=1.1.2)", "black (>=24.1.0)", "codespell (>=2.2)", "dnspython (>=2.1)", "flake8 (>=4.0)", "isort-psycopg", "isort[colors] (>=6.0)", "mypy (>=1.14)", "pre-commit (>=4.0.1)", "types-setuptools (>=57.4)", "types-shapely (>=2.0)", "wheel (>=0.37)"]
docs = ["Sphinx (>=5.0)", "furo (==2022.6.21)", "sphinx-autobuild (>=2021.3.14)", "sphinx-autodoc-typehints (>=1.12)"]
pool = ["psycopg-pool"]
test = ["anyio (>=4.0)", "mypy (>=1.14)", "pproxy (>=2.7)", "pytest (>=6.2.5)", "pytest-cov (>=3.0)", "pytest-randomly (>=3.5)"]

[[package]]
name = "psycopg-binary"
version = "3.2.9"
description = "PostgreSQL database adapter for Python -- C optimisation distribution"
optional = false
python-versions = ">=3.8"
files = [
    {file = "psycopg_binary-3.2.9-cp310-cp310-macosx_10_9_x86_64.whl", hash = "sha256:528239bbf55728ba0eacbd20632342867590273a9bacedac7538ebff890f1093"},
    {file = "psycopg_binary-3.2.9-cp310-cp310-macosx_11_0_arm64.whl", hash = "sha256:e4978c01ca4c208c9d6376bd585e2c0771986b76ff7ea518f6d2b51faece75e8"},
    {file = "psycopg_binary-3.2.9-cp310-cp310-manylinux_2_17_aarch64.manylinux2014_aarch64.whl", hash = "sha256:1ed2bab85b505d13e66a914d0f8cdfa9475c16d3491cf81394e0748b77729af2"},
    {file = "psycopg_binary-3.2.9-cp310-cp310-manylinux_2_17_i686.manylinux2014_i686.whl", hash = "sha256:799fa1179ab8a58d1557a95df28b492874c8f4135101b55133ec9c55fc9ae9d7"},
    {file = "psycopg_binary-3.2.9-cp310-cp310-manylinux_2_17_ppc64le.manylinux2014_ppc64le.whl", hash = "sha256:bb37ac3955d19e4996c3534abfa4f23181333974963826db9e0f00731274b695"},
    {file = "psycopg_binary-3.2.9-cp310-cp310-manylinux_2_17_x86_64.manylinux2014_x86_64.whl", hash = "sha256:001e986656f7e06c273dd4104e27f4b4e0614092e544d950c7c938d822b1a894"},
    {file = "psycopg_binary-3.2.9-cp310-cp310-musllinux_1_2_aarch64.whl", hash = "sha256:fa5c80d8b4cbf23f338db88a7251cef8bb4b68e0f91cf8b6ddfa93884fdbb0c1"},
    {file = "psycopg_binary-3.2.9-cp310-cp310-musllinux_1_2_i686.whl", hash = "sha256:39a127e0cf9b55bd4734a8008adf3e01d1fd1cb36339c6a9e2b2cbb6007c50ee"},
    {file = "psycopg_binary-3.2.9-cp310-cp310-musllinux_1_2_ppc64le.whl", hash = "sha256:fb7599e436b586e265bea956751453ad32eb98be6a6e694252f4691c31b16edb"},
    {file = "psycopg_binary-3.2.9-cp310-cp310-musllinux_1_2_x86_64.whl", hash = "sha256:5d2c9fe14fe42b3575a0b4e09b081713e83b762c8dc38a3771dd3265f8f110e7"},
    {file = "psycopg_binary-3.2.9-cp310-cp310-win_amd64.whl", hash = "sha256:7e4660fad2807612bb200de7262c88773c3483e85d981324b3c647176e41fdc8"},
    {file = "psycopg_binary-3.2.9-cp311-cp311-macosx_10_9_x86_64.whl", hash = "sha256:2504e9fd94eabe545d20cddcc2ff0da86ee55d76329e1ab92ecfcc6c0a8156c4"},
    {file = "psycopg_binary-3.2.9-cp311-cp311-macosx_11_0_arm64.whl", hash = "sha256:093a0c079dd6228a7f3c3d82b906b41964eaa062a9a8c19f45ab4984bf4e872b"},
    {file = "psycopg_binary-3.2.9-cp311-cp311-manylinux_2_17_aarch64.manylinux2014_aarch64.whl", hash = "sha256:387c87b51d72442708e7a853e7e7642717e704d59571da2f3b29e748be58c78a"},
    {file = "psycopg_binary-3.2.9-cp311-cp311-manylinux_2_17_i686.manylinux2014_i686.whl", hash = "sha256:d9ac10a2ebe93a102a326415b330fff7512f01a9401406896e78a81d75d6eddc"},
    {file = "psycopg_binary-3.2.9-cp311-cp311-manylinux_2_17_ppc64le.manylinux2014_ppc64le.whl", hash = "sha256:72fdbda5b4c2a6a72320857ef503a6589f56d46821592d4377c8c8604810342b"},
    {file = "psycopg_binary-3.2.9-cp311-cp311-manylinux_2_17_x86_64.manylinux2014_x86_64.whl", hash = "sha256:f34e88940833d46108f949fdc1fcfb74d6b5ae076550cd67ab59ef47555dba95"},
    {file = "psycopg_binary-3.2.9-cp311-cp311-musllinux_1_2_aarch64.whl", hash = "sha256:a3e0f89fe35cb03ff1646ab663dabf496477bab2a072315192dbaa6928862891"},
    {file = "psycopg_binary-3.2.9-cp311-cp311-musllinux_1_2_i686.whl", hash = "sha256:6afb3e62f2a3456f2180a4eef6b03177788df7ce938036ff7f09b696d418d186"},
    {file = "psycopg_binary-3.2.9-cp311-cp311-musllinux_1_2_ppc64le.whl", hash = "sha256:cc19ed5c7afca3f6b298bfc35a6baa27adb2019670d15c32d0bb8f780f7d560d"},
    {file = "psycopg_binary-3.2.9-cp311-cp311-musllinux_1_2_x86_64.whl", hash = "sha256:bc75f63653ce4ec764c8f8c8b0ad9423e23021e1c34a84eb5f4ecac8538a4a4a"},
    {file = "psycopg_binary-3.2.9-cp311-cp311-win_amd64.whl", hash = "sha256:3db3ba3c470801e94836ad78bf11fd5fab22e71b0c77343a1ee95d693879937a"},
    {file = "psycopg_binary-3.2.9-cp312-cp312-macosx_10_13_x86_64.whl", hash = "sha256:be7d650a434921a6b1ebe3fff324dbc2364393eb29d7672e638ce3e21076974e"},
    {file = "psycopg_binary-3.2.9-cp312-cp312-macosx_11_0_arm64.whl", hash = "sha256:6a76b4722a529390683c0304501f238b365a46b1e5fb6b7249dbc0ad6fea51a0"},
    {file = "psycopg_binary-3.2.9-cp312-cp312-manylinux_2_17_aarch64.manylinux2014_aarch64.whl", hash = "sha256:96a551e4683f1c307cfc3d9a05fec62c00a7264f320c9962a67a543e3ce0d8ff"},
    {file = "psycopg_binary-3.2.9-cp312-cp312-manylinux_2_17_i686.manylinux2014_i686.whl", hash = "sha256:61d0a6ceed8f08c75a395bc28cb648a81cf8dee75ba4650093ad1a24a51c8724"},
    {file = "psycopg_binary-3.2.9-cp312-cp312-manylinux_2_17_ppc64le.manylinux2014_ppc64le.whl", hash = "sha256:ad280bbd409bf598683dda82232f5215cfc5f2b1bf0854e409b4d0c44a113b1d"},
    {file = "psycopg_binary-3.2.9-cp312-cp312-manylinux_2_17_x86_64.manylinux2014_x86_64.whl", hash = "sha256:76eddaf7fef1d0994e3d536ad48aa75034663d3a07f6f7e3e601105ae73aeff6"},
    {file = "psycopg_binary-3.2.9-cp312-cp312-musllinux_1_2_aarch64.whl", hash = "sha256:52e239cd66c4158e412318fbe028cd94b0ef21b0707f56dcb4bdc250ee58fd40"},
    {file = "psycopg_binary-3.2.9-cp312-cp312-musllinux_1_2_i686.whl", hash = "sha256:08bf9d5eabba160dd4f6ad247cf12f229cc19d2458511cab2eb9647f42fa6795"},
    {file = "psycopg_binary-3.2.9-cp312-cp312-musllinux_1_2_ppc64le.whl", hash = "sha256:1b2cf018168cad87580e67bdde38ff5e51511112f1ce6ce9a8336871f465c19a"},
    {file = "psycopg_binary-3.2.9-cp312-cp312-musllinux_1_2_x86_64.whl", hash = "sha256:14f64d1ac6942ff089fc7e926440f7a5ced062e2ed0949d7d2d680dc5c00e2d4"},
    {file = "psycopg_binary-3.2.9-cp312-cp312-win_amd64.whl", hash = "sha256:7a838852e5afb6b4126f93eb409516a8c02a49b788f4df8b6469a40c2157fa21"},
    {file = "psycopg_binary-3.2.9-cp313-cp313-macosx_10_13_x86_64.whl", hash = "sha256:98bbe35b5ad24a782c7bf267596638d78aa0e87abc7837bdac5b2a2ab954179e"},
    {file = "psycopg_binary-3.2.9-cp313-cp313-macosx_11_0_arm64.whl", hash = "sha256:72691a1615ebb42da8b636c5ca9f2b71f266be9e172f66209a361c175b7842c5"},
    {file = "psycopg_binary-3.2.9-cp313-cp313-manylinux_2_17_aarch64.manylinux2014_aarch64.whl", hash = "sha256:25ab464bfba8c401f5536d5aa95f0ca1dd8257b5202eede04019b4415f491351"},
    {file = "psycopg_binary-3.2.9-cp313-cp313-manylinux_2_17_i686.manylinux2014_i686.whl", hash = "sha256:0e8aeefebe752f46e3c4b769e53f1d4ad71208fe1150975ef7662c22cca80fab"},
    {file = "psycopg_binary-3.2.9-cp313-cp313-manylinux_2_17_ppc64le.manylinux2014_ppc64le.whl", hash = "sha256:b7e4e4dd177a8665c9ce86bc9caae2ab3aa9360b7ce7ec01827ea1baea9ff748"},
    {file = "psycopg_binary-3.2.9-cp313-cp313-manylinux_2_17_x86_64.manylinux2014_x86_64.whl", hash = "sha256:7fc2915949e5c1ea27a851f7a472a7da7d0a40d679f0a31e42f1022f3c562e87"},
    {file = "psycopg_binary-3.2.9-cp313-cp313-musllinux_1_2_aarch64.whl", hash = "sha256:a1fa38a4687b14f517f049477178093c39c2a10fdcced21116f47c017516498f"},
    {file = "psycopg_binary-3.2.9-cp313-cp313-musllinux_1_2_i686.whl", hash = "sha256:5be8292d07a3ab828dc95b5ee6b69ca0a5b2e579a577b39671f4f5b47116dfd2"},
    {file = "psycopg_binary-3.2.9-cp313-cp313-musllinux_1_2_ppc64le.whl", hash = "sha256:778588ca9897b6c6bab39b0d3034efff4c5438f5e3bd52fda3914175498202f9"},
    {file = "psycopg_binary-3.2.9-cp313-cp313-musllinux_1_2_x86_64.whl", hash = "sha256:f0d5b3af045a187aedbd7ed5fc513bd933a97aaff78e61c3745b330792c4345b"},
    {file = "psycopg_binary-3.2.9-cp313-cp313-win_amd64.whl", hash = "sha256:2290bc146a1b6a9730350f695e8b670e1d1feb8446597bed0bbe7c3c30e0abcb"},
    {file = "psycopg_binary-3.2.9-cp38-cp38-macosx_10_9_x86_64.whl", hash = "sha256:4df22ec17390ec5ccb38d211fb251d138d37a43344492858cea24de8efa15003"},
    {file = "psycopg_binary-3.2.9-cp38-cp38-manylinux_2_17_aarch64.manylinux2014_aarch64.whl", hash = "sha256:eac3a6e926421e976c1c2653624e1294f162dc67ac55f9addbe8f7b8d08ce603"},
    {file = "psycopg_binary-3.2.9-cp38-cp38-manylinux_2_17_i686.manylinux2014_i686.whl", hash = "sha256:cf789be42aea5752ee396d58de0538d5fcb76795c85fb03ab23620293fb81b6f"},
    {file = "psycopg_binary-3.2.9-cp38-cp38-manylinux_2_17_ppc64le.manylinux2014_ppc64le.whl", hash = "sha256:e0f05b9dafa5670a7503abc715af081dbbb176a8e6770de77bccaeb9024206c5"},
    {file = "psycopg_binary-3.2.9-cp38-cp38-manylinux_2_17_x86_64.manylinux2014_x86_64.whl", hash = "sha256:b2d7a6646d41228e9049978be1f3f838b557a1bde500b919906d54c4390f5086"},
    {file = "psycopg_binary-3.2.9-cp38-cp38-musllinux_1_2_aarch64.whl", hash = "sha256:a4d76e28df27ce25dc19583407f5c6c6c2ba33b443329331ab29b6ef94c8736d"},
    {file = "psycopg_binary-3.2.9-cp38-cp38-musllinux_1_2_i686.whl", hash = "sha256:418f52b77b715b42e8ec43ee61ca74abc6765a20db11e8576e7f6586488a266f"},
    {file = "psycopg_binary-3.2.9-cp38-cp38-musllinux_1_2_ppc64le.whl", hash = "sha256:1f1736d5b21f69feefeef8a75e8d3bf1f0a1e17c165a7488c3111af9d6936e91"},
    {file = "psycopg_binary-3.2.9-cp38-cp38-musllinux_1_2_x86_64.whl", hash = "sha256:5918c0fab50df764812f3ca287f0d716c5c10bedde93d4da2cefc9d40d03f3aa"},
    {file = "psycopg_binary-3.2.9-cp38-cp38-win_amd64.whl", hash = "sha256:7b617b81f08ad8def5edd110de44fd6d326f969240cc940c6f6b3ef21fe9c59f"},
    {file = "psycopg_binary-3.2.9-cp39-cp39-macosx_10_9_x86_64.whl", hash = "sha256:587a3f19954d687a14e0c8202628844db692dbf00bba0e6d006659bf1ca91cbe"},
    {file = "psycopg_binary-3.2.9-cp39-cp39-macosx_11_0_arm64.whl", hash = "sha256:791759138380df21d356ff991265fde7fe5997b0c924a502847a9f9141e68786"},
    {file = "psycopg_binary-3.2.9-cp39-cp39-manylinux_2_17_aarch64.manylinux2014_aarch64.whl", hash = "sha256:95315b8c8ddfa2fdcb7fe3ddea8a595c1364524f512160c604e3be368be9dd07"},
    {file = "psycopg_binary-3.2.9-cp39-cp39-manylinux_2_17_i686.manylinux2014_i686.whl", hash = "sha256:18ac08475c9b971237fcc395b0a6ee4e8580bb5cf6247bc9b8461644bef5d9f4"},
    {file = "psycopg_binary-3.2.9-cp39-cp39-manylinux_2_17_ppc64le.manylinux2014_ppc64le.whl", hash = "sha256:ac2c04b6345e215e65ca6aef5c05cc689a960b16674eaa1f90a8f86dfaee8c04"},
    {file = "psycopg_binary-3.2.9-cp39-cp39-manylinux_2_17_x86_64.manylinux2014_x86_64.whl", hash = "sha256:4c1ab25e3134774f1e476d4bb9050cdec25f10802e63e92153906ae934578734"},
    {file = "psycopg_binary-3.2.9-cp39-cp39-musllinux_1_2_aarch64.whl", hash = "sha256:4bfec4a73e8447d8fe8854886ffa78df2b1c279a7592241c2eb393d4499a17e2"},
    {file = "psycopg_binary-3.2.9-cp39-cp39-musllinux_1_2_i686.whl", hash = "sha256:166acc57af5d2ff0c0c342aed02e69a0cd5ff216cae8820c1059a6f3b7cf5f78"},
    {file = "psycopg_binary-3.2.9-cp39-cp39-musllinux_1_2_ppc64le.whl", hash = "sha256:413f9e46259fe26d99461af8e1a2b4795a4e27cc8ac6f7919ec19bcee8945074"},
    {file = "psycopg_binary-3.2.9-cp39-cp39-musllinux_1_2_x86_64.whl", hash = "sha256:354dea21137a316b6868ee41c2ae7cce001e104760cf4eab3ec85627aed9b6cd"},
    {file = "psycopg_binary-3.2.9-cp39-cp39-win_amd64.whl", hash = "sha256:24ddb03c1ccfe12d000d950c9aba93a7297993c4e3905d9f2c9795bb0764d523"},
]

[[package]]
name = "python-dotenv"
version = "1.1.0"
description = "Read key-value pairs from a .env file and set them as environment variables"
optional = false
python-versions = ">=3.9"
files = [
    {file = "python_dotenv-1.1.0-py3-none-any.whl", hash = "sha256:d7c01d9e2293916c18baf562d95698754b0dbbb5e74d457c45d4f6561fb9d55d"},
    {file = "python_dotenv-1.1.0.tar.gz", hash = "sha256:41f90bc6f5f177fb41f53e87666db362025010eb28f60a01c9143bfa33a2b2d5"},
]

[package.extras]
cli = ["click (>=5.0)"]

[[package]]
name = "redis"
version = "6.2.0"
description = "Python client for Redis database and key-value store"
optional = false
python-versions = ">=3.9"
files = [
    {file = "redis-6.2.0-py3-none-any.whl", hash = "sha256:c8ddf316ee0aab65f04a11229e94a64b2618451dab7a67cb2f77eb799d872d5e"},
    {file = "redis-6.2.0.tar.gz", hash = "sha256:e821f129b75dde6cb99dd35e5c76e8c49512a5a0d8dfdc560b2fbd44b85ca977"},
]

[package.extras]
hiredis = ["hiredis (>=3.2.0)"]
jwt = ["pyjwt (>=2.9.0)"]
ocsp = ["cryptography (>=36.0.1)", "pyopenssl (>=20.0.1)", "requests (>=2.31.0)"]

[[package]]
name = "sqlparse"
version = "0.5.3"
description = "A non-validating SQL parser."
optional = false
python-versions = ">=3.8"
files = [
    {file = "sqlparse-0.5.3-py3-none-any.whl", hash = "sha256:cf2196ed3418f3ba5de6af7e82c694a9fbdbfecccdfc72e281548517081f16ca"},
    {file = "sqlparse-0.5.3.tar.gz", hash = "sha256:09f67787f56a0b16ecdbde1bfc7f5d9c3371ca683cfeaa8e6ff60b4807ec9272"},
]

[package.extras]
dev = ["build", "hatch"]
doc = ["sphinx"]

[[package]]
name = "typing-extensions"
version = "4.13.2"
description = "Backported and Experimental Type Hints for Python 3.8+"
optional = false
python-versions = ">=3.8"
files = [
    {file = "typing_extensions-4.13.2-py3-none-any.whl", hash = "sha256:a439e7c04b49fec3e5d3e2beaa21755cadbbdc391694e28ccdd36ca4a1408f8c"},
    {file = "typing_extensions-4.13.2.tar.gz", hash = "sha256:e6c81219bd689f51865d9e372991c540bda33a0379d5573cddb9a3a23f7caaef"},
]

[[package]]
name = "tzdata"
version = "2025.2"
description = "Provider of IANA time zone data"
optional = false
python-versions = ">=2"
files = [
    {file = "tzdata-2025.2-py2.py3-none-any.whl", hash = "sha256:1a403fada01ff9221ca8044d701868fa132215d84beb92242d9acd2147f667a8"},
    {file = "tzdata-2025.2.tar.gz", hash = "sha256:b60a638fcc0daffadf82fe0f57e53d06bdec2f36c4df66280ae79bce6bd6f2b9"},
]

[metadata]
lock-version = "2.0"
python-versions = "^3.12"
content-hash = "2ecb4fb65cf6f36adbf6ca1eb02cb31dd233aeb914a8d4ff7a81dd0b1a684d6b"
